
Microsoft Visual Studio Solution File, Format Version 12.00
# Visual Studio Version 17
VisualStudioVersion = 17.4.33213.308
MinimumVisualStudioVersion = 10.0.40219.1
Project("{9A19103F-16F7-4668-BE54-9A1E7A4F7556}") = "App", "App\App.csproj", "{79F80CA0-99D6-4B54-86FF-59EC6F720DAB}"
EndProject
Project("{9A19103F-16F7-4668-BE54-9A1E7A4F7556}") = "Domain", "Domain\Domain.csproj", "{78BB0C17-6A46-46F9-A012-F2BA70D9158B}"
EndProject
Project("{9A19103F-16F7-4668-BE54-9A1E7A4F7556}") = "Persistence", "Persistence\Persistence.csproj", "{601E61D0-94C2-471E-A167-DE8A0F351904}"
EndProject
Project("{FAE04EC0-301F-11D3-BF4B-00C04F79EFBC}") = "Application", "Application\Application.csproj", "{AC4791D5-8B1E-4B6A-BCC1-C4133D7DE729}"
EndProject
Global
	GlobalSection(SolutionConfigurationPlatforms) = preSolution
		Debug|Any CPU = Debug|Any CPU
		Release|Any CPU = Release|Any CPU
	EndGlobalSection
	GlobalSection(ProjectConfigurationPlatforms) = postSolution
		{79F80CA0-99D6-4B54-86FF-59EC6F720DAB}.Debug|Any CPU.ActiveCfg = Debug|Any CPU
		{79F80CA0-99D6-4B54-86FF-59EC6F720DAB}.Debug|Any CPU.Build.0 = Debug|Any CPU
		{79F80CA0-99D6-4B54-86FF-59EC6F720DAB}.Release|Any CPU.ActiveCfg = Release|Any CPU
		{79F80CA0-99D6-4B54-86FF-59EC6F720DAB}.Release|Any CPU.Build.0 = Release|Any CPU
		{78BB0C17-6A46-46F9-A012-F2BA70D9158B}.Debug|Any CPU.ActiveCfg = Debug|Any CPU
		{78BB0C17-6A46-46F9-A012-F2BA70D9158B}.Debug|Any CPU.Build.0 = Debug|Any CPU
		{78BB0C17-6A46-46F9-A012-F2BA70D9158B}.Release|Any CPU.ActiveCfg = Release|Any CPU
		{78BB0C17-6A46-46F9-A012-F2BA70D9158B}.Release|Any CPU.Build.0 = Release|Any CPU
		{601E61D0-94C2-471E-A167-DE8A0F351904}.Debug|Any CPU.ActiveCfg = Debug|Any CPU
		{601E61D0-94C2-471E-A167-DE8A0F351904}.Debug|Any CPU.Build.0 = Debug|Any CPU
		{601E61D0-94C2-471E-A167-DE8A0F351904}.Release|Any CPU.ActiveCfg = Release|Any CPU
		{601E61D0-94C2-471E-A167-DE8A0F351904}.Release|Any CPU.Build.0 = Release|Any CPU
		{AC4791D5-8B1E-4B6A-BCC1-C4133D7DE729}.Debug|Any CPU.ActiveCfg = Debug|Any CPU
		{AC4791D5-8B1E-4B6A-BCC1-C4133D7DE729}.Debug|Any CPU.Build.0 = Debug|Any CPU
		{AC4791D5-8B1E-4B6A-BCC1-C4133D7DE729}.Release|Any CPU.ActiveCfg = Release|Any CPU
		{AC4791D5-8B1E-4B6A-BCC1-C4133D7DE729}.Release|Any CPU.Build.0 = Release|Any CPU
	EndGlobalSection
	GlobalSection(SolutionProperties) = preSolution
		HideSolutionNode = FALSE
	EndGlobalSection
	GlobalSection(ExtensibilityGlobals) = postSolution
		SolutionGuid = {9B6893C1-BAFF-46D2-A583-00278CF4A7AA}
	EndGlobalSection
EndGlobal
